// !$*UTF8*$!
{
	archiveVersion = 1;
	classes = {
	};
	objectVersion = 56;
	objects = {

/* Begin PBXBuildFile section */
		1F30E55E2B8D515100367B66 /* WeatherView.swift in Sources */ = {isa = PBXBuildFile; fileRef = 1F30E55D2B8D515100367B66 /* WeatherView.swift */; };
		1F31411F2B757EE500F33741 /* HealthKitView.swift in Sources */ = {isa = PBXBuildFile; fileRef = 1F31411E2B757EE500F33741 /* HealthKitView.swift */; };
		1F5609432BA01ABA0016784A /* EditGoalsView.swift in Sources */ = {isa = PBXBuildFile; fileRef = 1F5609422BA01ABA0016784A /* EditGoalsView.swift */; };
		1F77CB882B8454E000EE7FEC /* ExerciseRecc.swift in Sources */ = {isa = PBXBuildFile; fileRef = 1F77CB872B8454E000EE7FEC /* ExerciseRecc.swift */; };
		1F79DC982B87DC0400A35831 /* Launch Screen.storyboard in Resources */ = {isa = PBXBuildFile; fileRef = 1F79DC972B87DC0400A35831 /* Launch Screen.storyboard */; };
		1FA8C8772B8DC7BE00EB95D4 /* LocationManager.swift in Sources */ = {isa = PBXBuildFile; fileRef = 1FA8C8762B8DC7BE00EB95D4 /* LocationManager.swift */; };
		1FA8C8792B8DC7F100EB95D4 /* WeatherManager.swift in Sources */ = {isa = PBXBuildFile; fileRef = 1FA8C8782B8DC7F100EB95D4 /* WeatherManager.swift */; };
		322D4B302B6DBB0C0084E091 /* one_step_aheadApp.swift in Sources */ = {isa = PBXBuildFile; fileRef = 322D4B2F2B6DBB0C0084E091 /* one_step_aheadApp.swift */; };
		322D4B322B6DBB0C0084E091 /* WaterView.swift in Sources */ = {isa = PBXBuildFile; fileRef = 322D4B312B6DBB0C0084E091 /* WaterView.swift */; };
		322D4B342B6DBB0F0084E091 /* Assets.xcassets in Resources */ = {isa = PBXBuildFile; fileRef = 322D4B332B6DBB0F0084E091 /* Assets.xcassets */; };
		322D4B372B6DBB0F0084E091 /* Preview Assets.xcassets in Resources */ = {isa = PBXBuildFile; fileRef = 322D4B362B6DBB0F0084E091 /* Preview Assets.xcassets */; };
		322D4B412B6DBB100084E091 /* one_step_aheadTests.swift in Sources */ = {isa = PBXBuildFile; fileRef = 322D4B402B6DBB100084E091 /* one_step_aheadTests.swift */; };
		322D4B4B2B6DBB100084E091 /* one_step_aheadUITests.swift in Sources */ = {isa = PBXBuildFile; fileRef = 322D4B4A2B6DBB100084E091 /* one_step_aheadUITests.swift */; };
		322D4B4D2B6DBB100084E091 /* one_step_aheadUITestsLaunchTests.swift in Sources */ = {isa = PBXBuildFile; fileRef = 322D4B4C2B6DBB100084E091 /* one_step_aheadUITestsLaunchTests.swift */; };
		322D4B5D2B6DC2740084E091 /* FirebaseAnalyticsWithoutAdIdSupport in Frameworks */ = {isa = PBXBuildFile; productRef = 322D4B5C2B6DC2740084E091 /* FirebaseAnalyticsWithoutAdIdSupport */; };
		322D4B5F2B6DC2750084E091 /* FirebaseAuth in Frameworks */ = {isa = PBXBuildFile; productRef = 322D4B5E2B6DC2750084E091 /* FirebaseAuth */; };
		322D4B612B6DC2750084E091 /* FirebaseFirestore in Frameworks */ = {isa = PBXBuildFile; productRef = 322D4B602B6DC2750084E091 /* FirebaseFirestore */; };
		322D4B632B6DC2750084E091 /* FirebaseFirestoreSwift in Frameworks */ = {isa = PBXBuildFile; productRef = 322D4B622B6DC2750084E091 /* FirebaseFirestoreSwift */; };
		322D4B652B6DC2DC0084E091 /* WaterViewModel.swift in Sources */ = {isa = PBXBuildFile; fileRef = 322D4B642B6DC2DC0084E091 /* WaterViewModel.swift */; };
		322D4B672B6DC3050084E091 /* WaterModel.swift in Sources */ = {isa = PBXBuildFile; fileRef = 322D4B662B6DC3050084E091 /* WaterModel.swift */; };
		322D4B6C2B736B8D0084E091 /* MainView.swift in Sources */ = {isa = PBXBuildFile; fileRef = 322D4B6B2B736B8D0084E091 /* MainView.swift */; };
		322D4B6E2B736BA40084E091 /* SleepView.swift in Sources */ = {isa = PBXBuildFile; fileRef = 322D4B6D2B736BA40084E091 /* SleepView.swift */; };
		322D4B702B736BBB0084E091 /* ExerciseView.swift in Sources */ = {isa = PBXBuildFile; fileRef = 322D4B6F2B736BBB0084E091 /* ExerciseView.swift */; };
		322D4B722B736BDC0084E091 /* LoginView.swift in Sources */ = {isa = PBXBuildFile; fileRef = 322D4B712B736BDC0084E091 /* LoginView.swift */; };
		322D4B742B73704D0084E091 /* SleepViewModel.swift in Sources */ = {isa = PBXBuildFile; fileRef = 322D4B732B73704D0084E091 /* SleepViewModel.swift */; };
		322D4B762B73706C0084E091 /* ExerciseViewModel.swift in Sources */ = {isa = PBXBuildFile; fileRef = 322D4B752B73706C0084E091 /* ExerciseViewModel.swift */; };
		322D4B7A2B7370F70084E091 /* ExerciseModel.swift in Sources */ = {isa = PBXBuildFile; fileRef = 322D4B792B7370F70084E091 /* ExerciseModel.swift */; };
		322D4B7D2B73714A0084E091 /* AuthHandler.swift in Sources */ = {isa = PBXBuildFile; fileRef = 322D4B7C2B73714A0084E091 /* AuthHandler.swift */; };
		322D4B7F2B784EE80084E091 /* ContentView.swift in Sources */ = {isa = PBXBuildFile; fileRef = 322D4B7E2B784EE80084E091 /* ContentView.swift */; };
		328AA73E2B9D842500C09CDA /* WeeklyProgressView.swift in Sources */ = {isa = PBXBuildFile; fileRef = 328AA73D2B9D842500C09CDA /* WeeklyProgressView.swift */; };
		328AA7442BA2BF9500C09CDA /* GoogleService-Info.plist in Resources */ = {isa = PBXBuildFile; fileRef = 328AA7432BA2BF9500C09CDA /* GoogleService-Info.plist */; };
		32A727BC2B835F480082CDA1 /* UserModel.swift in Sources */ = {isa = PBXBuildFile; fileRef = 32A727BB2B835F480082CDA1 /* UserModel.swift */; };
		E26253652B85C545000B8246 /* SleepDurationModel.swift in Sources */ = {isa = PBXBuildFile; fileRef = E26253642B85C545000B8246 /* SleepDurationModel.swift */; };
		E26253672B85C563000B8246 /* RecommendationViewModel.swift in Sources */ = {isa = PBXBuildFile; fileRef = E26253662B85C563000B8246 /* RecommendationViewModel.swift */; };
		E28B16DB2B7AE318001BE1BF /* HealthKitViewModel.swift in Sources */ = {isa = PBXBuildFile; fileRef = E28B16DA2B7AE318001BE1BF /* HealthKitViewModel.swift */; };
		E28B16DD2B7B0529001BE1BF /* OnboardingView.swift in Sources */ = {isa = PBXBuildFile; fileRef = E28B16DC2B7B0529001BE1BF /* OnboardingView.swift */; };
		E28B16E12B7B18CB001BE1BF /* DashboardView.swift in Sources */ = {isa = PBXBuildFile; fileRef = E28B16E02B7B18CB001BE1BF /* DashboardView.swift */; };
/* End PBXBuildFile section */

/* Begin PBXContainerItemProxy section */
		322D4B3D2B6DBB100084E091 /* PBXContainerItemProxy */ = {
			isa = PBXContainerItemProxy;
			containerPortal = 322D4B242B6DBB0C0084E091 /* Project object */;
			proxyType = 1;
			remoteGlobalIDString = 322D4B2B2B6DBB0C0084E091;
			remoteInfo = "one-step-ahead";
		};
		322D4B472B6DBB100084E091 /* PBXContainerItemProxy */ = {
			isa = PBXContainerItemProxy;
			containerPortal = 322D4B242B6DBB0C0084E091 /* Project object */;
			proxyType = 1;
			remoteGlobalIDString = 322D4B2B2B6DBB0C0084E091;
			remoteInfo = "one-step-ahead";
		};
/* End PBXContainerItemProxy section */

/* Begin PBXFileReference section */
		1F30E55D2B8D515100367B66 /* WeatherView.swift */ = {isa = PBXFileReference; lastKnownFileType = sourcecode.swift; path = WeatherView.swift; sourceTree = "<group>"; };
		1F31411B2B757E2B00F33741 /* one-step-ahead.entitlements */ = {isa = PBXFileReference; lastKnownFileType = text.plist.entitlements; path = "one-step-ahead.entitlements"; sourceTree = "<group>"; };
		1F31411E2B757EE500F33741 /* HealthKitView.swift */ = {isa = PBXFileReference; lastKnownFileType = sourcecode.swift; path = HealthKitView.swift; sourceTree = "<group>"; };
		1F5609422BA01ABA0016784A /* EditGoalsView.swift */ = {isa = PBXFileReference; lastKnownFileType = sourcecode.swift; path = EditGoalsView.swift; sourceTree = "<group>"; };
		1F77CB872B8454E000EE7FEC /* ExerciseRecc.swift */ = {isa = PBXFileReference; lastKnownFileType = sourcecode.swift; path = ExerciseRecc.swift; sourceTree = "<group>"; };
		1F79DC972B87DC0400A35831 /* Launch Screen.storyboard */ = {isa = PBXFileReference; lastKnownFileType = file.storyboard; path = "Launch Screen.storyboard"; sourceTree = "<group>"; };
		1FA8C8762B8DC7BE00EB95D4 /* LocationManager.swift */ = {isa = PBXFileReference; lastKnownFileType = sourcecode.swift; path = LocationManager.swift; sourceTree = "<group>"; };
		1FA8C8782B8DC7F100EB95D4 /* WeatherManager.swift */ = {isa = PBXFileReference; lastKnownFileType = sourcecode.swift; path = WeatherManager.swift; sourceTree = "<group>"; };
		322D4B2C2B6DBB0C0084E091 /* one-step-ahead.app */ = {isa = PBXFileReference; explicitFileType = wrapper.application; includeInIndex = 0; path = "one-step-ahead.app"; sourceTree = BUILT_PRODUCTS_DIR; };
		322D4B2F2B6DBB0C0084E091 /* one_step_aheadApp.swift */ = {isa = PBXFileReference; lastKnownFileType = sourcecode.swift; path = one_step_aheadApp.swift; sourceTree = "<group>"; };
		322D4B312B6DBB0C0084E091 /* WaterView.swift */ = {isa = PBXFileReference; lastKnownFileType = sourcecode.swift; path = WaterView.swift; sourceTree = "<group>"; };
		322D4B332B6DBB0F0084E091 /* Assets.xcassets */ = {isa = PBXFileReference; lastKnownFileType = folder.assetcatalog; path = Assets.xcassets; sourceTree = "<group>"; };
		322D4B362B6DBB0F0084E091 /* Preview Assets.xcassets */ = {isa = PBXFileReference; lastKnownFileType = folder.assetcatalog; path = "Preview Assets.xcassets"; sourceTree = "<group>"; };
		322D4B3C2B6DBB100084E091 /* one-step-aheadTests.xctest */ = {isa = PBXFileReference; explicitFileType = wrapper.cfbundle; includeInIndex = 0; path = "one-step-aheadTests.xctest"; sourceTree = BUILT_PRODUCTS_DIR; };
		322D4B402B6DBB100084E091 /* one_step_aheadTests.swift */ = {isa = PBXFileReference; lastKnownFileType = sourcecode.swift; path = one_step_aheadTests.swift; sourceTree = "<group>"; };
		322D4B462B6DBB100084E091 /* one-step-aheadUITests.xctest */ = {isa = PBXFileReference; explicitFileType = wrapper.cfbundle; includeInIndex = 0; path = "one-step-aheadUITests.xctest"; sourceTree = BUILT_PRODUCTS_DIR; };
		322D4B4A2B6DBB100084E091 /* one_step_aheadUITests.swift */ = {isa = PBXFileReference; lastKnownFileType = sourcecode.swift; path = one_step_aheadUITests.swift; sourceTree = "<group>"; };
		322D4B4C2B6DBB100084E091 /* one_step_aheadUITestsLaunchTests.swift */ = {isa = PBXFileReference; lastKnownFileType = sourcecode.swift; path = one_step_aheadUITestsLaunchTests.swift; sourceTree = "<group>"; };
		322D4B642B6DC2DC0084E091 /* WaterViewModel.swift */ = {isa = PBXFileReference; lastKnownFileType = sourcecode.swift; path = WaterViewModel.swift; sourceTree = "<group>"; };
		322D4B662B6DC3050084E091 /* WaterModel.swift */ = {isa = PBXFileReference; lastKnownFileType = sourcecode.swift; path = WaterModel.swift; sourceTree = "<group>"; };
		322D4B6B2B736B8D0084E091 /* MainView.swift */ = {isa = PBXFileReference; lastKnownFileType = sourcecode.swift; path = MainView.swift; sourceTree = "<group>"; };
		322D4B6D2B736BA40084E091 /* SleepView.swift */ = {isa = PBXFileReference; lastKnownFileType = sourcecode.swift; path = SleepView.swift; sourceTree = "<group>"; };
		322D4B6F2B736BBB0084E091 /* ExerciseView.swift */ = {isa = PBXFileReference; lastKnownFileType = sourcecode.swift; path = ExerciseView.swift; sourceTree = "<group>"; };
		322D4B712B736BDC0084E091 /* LoginView.swift */ = {isa = PBXFileReference; lastKnownFileType = sourcecode.swift; path = LoginView.swift; sourceTree = "<group>"; };
		322D4B732B73704D0084E091 /* SleepViewModel.swift */ = {isa = PBXFileReference; lastKnownFileType = sourcecode.swift; path = SleepViewModel.swift; sourceTree = "<group>"; };
		322D4B752B73706C0084E091 /* ExerciseViewModel.swift */ = {isa = PBXFileReference; lastKnownFileType = sourcecode.swift; path = ExerciseViewModel.swift; sourceTree = "<group>"; };
		322D4B792B7370F70084E091 /* ExerciseModel.swift */ = {isa = PBXFileReference; lastKnownFileType = sourcecode.swift; path = ExerciseModel.swift; sourceTree = "<group>"; };
		322D4B7C2B73714A0084E091 /* AuthHandler.swift */ = {isa = PBXFileReference; lastKnownFileType = sourcecode.swift; path = AuthHandler.swift; sourceTree = "<group>"; };
		322D4B7E2B784EE80084E091 /* ContentView.swift */ = {isa = PBXFileReference; lastKnownFileType = sourcecode.swift; path = ContentView.swift; sourceTree = "<group>"; };
		328AA73D2B9D842500C09CDA /* WeeklyProgressView.swift */ = {isa = PBXFileReference; lastKnownFileType = sourcecode.swift; path = WeeklyProgressView.swift; sourceTree = "<group>"; };
		328AA7432BA2BF9500C09CDA /* GoogleService-Info.plist */ = {isa = PBXFileReference; fileEncoding = 4; lastKnownFileType = text.plist.xml; path = "GoogleService-Info.plist"; sourceTree = "<group>"; };
		32A727BB2B835F480082CDA1 /* UserModel.swift */ = {isa = PBXFileReference; lastKnownFileType = sourcecode.swift; path = UserModel.swift; sourceTree = "<group>"; };
		E26253642B85C545000B8246 /* SleepDurationModel.swift */ = {isa = PBXFileReference; lastKnownFileType = sourcecode.swift; path = SleepDurationModel.swift; sourceTree = "<group>"; };
		E26253662B85C563000B8246 /* RecommendationViewModel.swift */ = {isa = PBXFileReference; lastKnownFileType = sourcecode.swift; path = RecommendationViewModel.swift; sourceTree = "<group>"; };
		E28B16DA2B7AE318001BE1BF /* HealthKitViewModel.swift */ = {isa = PBXFileReference; lastKnownFileType = sourcecode.swift; path = HealthKitViewModel.swift; sourceTree = "<group>"; };
		E28B16DC2B7B0529001BE1BF /* OnboardingView.swift */ = {isa = PBXFileReference; lastKnownFileType = sourcecode.swift; path = OnboardingView.swift; sourceTree = "<group>"; };
		E28B16E02B7B18CB001BE1BF /* DashboardView.swift */ = {isa = PBXFileReference; lastKnownFileType = sourcecode.swift; path = DashboardView.swift; sourceTree = "<group>"; };
/* End PBXFileReference section */

/* Begin PBXFrameworksBuildPhase section */
		322D4B292B6DBB0C0084E091 /* Frameworks */ = {
			isa = PBXFrameworksBuildPhase;
			buildActionMask = 2147483647;
			files = (
				322D4B5D2B6DC2740084E091 /* FirebaseAnalyticsWithoutAdIdSupport in Frameworks */,
				322D4B5F2B6DC2750084E091 /* FirebaseAuth in Frameworks */,
				322D4B612B6DC2750084E091 /* FirebaseFirestore in Frameworks */,
				322D4B632B6DC2750084E091 /* FirebaseFirestoreSwift in Frameworks */,
			);
			runOnlyForDeploymentPostprocessing = 0;
		};
		322D4B392B6DBB100084E091 /* Frameworks */ = {
			isa = PBXFrameworksBuildPhase;
			buildActionMask = 2147483647;
			files = (
			);
			runOnlyForDeploymentPostprocessing = 0;
		};
		322D4B432B6DBB100084E091 /* Frameworks */ = {
			isa = PBXFrameworksBuildPhase;
			buildActionMask = 2147483647;
			files = (
			);
			runOnlyForDeploymentPostprocessing = 0;
		};
/* End PBXFrameworksBuildPhase section */

/* Begin PBXGroup section */
		322D4B232B6DBB0C0084E091 = {
			isa = PBXGroup;
			children = (
				322D4B2E2B6DBB0C0084E091 /* one-step-ahead */,
				322D4B3F2B6DBB100084E091 /* one-step-aheadTests */,
				322D4B492B6DBB100084E091 /* one-step-aheadUITests */,
				322D4B2D2B6DBB0C0084E091 /* Products */,
			);
			sourceTree = "<group>";
		};
		322D4B2D2B6DBB0C0084E091 /* Products */ = {
			isa = PBXGroup;
			children = (
				322D4B2C2B6DBB0C0084E091 /* one-step-ahead.app */,
				322D4B3C2B6DBB100084E091 /* one-step-aheadTests.xctest */,
				322D4B462B6DBB100084E091 /* one-step-aheadUITests.xctest */,
			);
			name = Products;
			sourceTree = "<group>";
		};
		322D4B2E2B6DBB0C0084E091 /* one-step-ahead */ = {
			isa = PBXGroup;
			children = (
				328AA7432BA2BF9500C09CDA /* GoogleService-Info.plist */,
				1F31411B2B757E2B00F33741 /* one-step-ahead.entitlements */,
				322D4B7B2B7371130084E091 /* Auth */,
				322D4B6A2B736AB60084E091 /* Model */,
				322D4B692B736AA50084E091 /* ViewModel */,
				322D4B682B736A950084E091 /* Views */,
				322D4B2F2B6DBB0C0084E091 /* one_step_aheadApp.swift */,
				322D4B7E2B784EE80084E091 /* ContentView.swift */,
				322D4B332B6DBB0F0084E091 /* Assets.xcassets */,
				322D4B352B6DBB0F0084E091 /* Preview Content */,
			);
			path = "one-step-ahead";
			sourceTree = "<group>";
		};
		322D4B352B6DBB0F0084E091 /* Preview Content */ = {
			isa = PBXGroup;
			children = (
				322D4B362B6DBB0F0084E091 /* Preview Assets.xcassets */,
				1F79DC972B87DC0400A35831 /* Launch Screen.storyboard */,
			);
			path = "Preview Content";
			sourceTree = "<group>";
		};
		322D4B3F2B6DBB100084E091 /* one-step-aheadTests */ = {
			isa = PBXGroup;
			children = (
				322D4B402B6DBB100084E091 /* one_step_aheadTests.swift */,
			);
			path = "one-step-aheadTests";
			sourceTree = "<group>";
		};
		322D4B492B6DBB100084E091 /* one-step-aheadUITests */ = {
			isa = PBXGroup;
			children = (
				322D4B4A2B6DBB100084E091 /* one_step_aheadUITests.swift */,
				322D4B4C2B6DBB100084E091 /* one_step_aheadUITestsLaunchTests.swift */,
			);
			path = "one-step-aheadUITests";
			sourceTree = "<group>";
		};
		322D4B682B736A950084E091 /* Views */ = {
			isa = PBXGroup;
			children = (
				322D4B6F2B736BBB0084E091 /* ExerciseView.swift */,
				322D4B712B736BDC0084E091 /* LoginView.swift */,
				322D4B6B2B736B8D0084E091 /* MainView.swift */,
				322D4B6D2B736BA40084E091 /* SleepView.swift */,
				322D4B312B6DBB0C0084E091 /* WaterView.swift */,
				1F31411E2B757EE500F33741 /* HealthKitView.swift */,
				E28B16DC2B7B0529001BE1BF /* OnboardingView.swift */,
				1F5609422BA01ABA0016784A /* EditGoalsView.swift */,
				E28B16E02B7B18CB001BE1BF /* DashboardView.swift */,
				328AA73D2B9D842500C09CDA /* WeeklyProgressView.swift */,
			);
			path = Views;
			sourceTree = "<group>";
		};
		322D4B692B736AA50084E091 /* ViewModel */ = {
			isa = PBXGroup;
			children = (
				1F77CB872B8454E000EE7FEC /* ExerciseRecc.swift */,
				322D4B642B6DC2DC0084E091 /* WaterViewModel.swift */,
				E26253662B85C563000B8246 /* RecommendationViewModel.swift */,
				322D4B732B73704D0084E091 /* SleepViewModel.swift */,
				322D4B752B73706C0084E091 /* ExerciseViewModel.swift */,
				E28B16DA2B7AE318001BE1BF /* HealthKitViewModel.swift */,
				1F30E55D2B8D515100367B66 /* WeatherView.swift */,
			);
			path = ViewModel;
			sourceTree = "<group>";
		};
		322D4B6A2B736AB60084E091 /* Model */ = {
			isa = PBXGroup;
			children = (
				322D4B662B6DC3050084E091 /* WaterModel.swift */,
				322D4B792B7370F70084E091 /* ExerciseModel.swift */,
				32A727BB2B835F480082CDA1 /* UserModel.swift */,
				E26253642B85C545000B8246 /* SleepDurationModel.swift */,
				1FA8C8782B8DC7F100EB95D4 /* WeatherManager.swift */,
				1FA8C8762B8DC7BE00EB95D4 /* LocationManager.swift */,
			);
			path = Model;
			sourceTree = "<group>";
		};
		322D4B7B2B7371130084E091 /* Auth */ = {
			isa = PBXGroup;
			children = (
				322D4B7C2B73714A0084E091 /* AuthHandler.swift */,
			);
			path = Auth;
			sourceTree = "<group>";
		};
/* End PBXGroup section */

/* Begin PBXNativeTarget section */
		322D4B2B2B6DBB0C0084E091 /* one-step-ahead */ = {
			isa = PBXNativeTarget;
			buildConfigurationList = 322D4B502B6DBB100084E091 /* Build configuration list for PBXNativeTarget "one-step-ahead" */;
			buildPhases = (
				322D4B282B6DBB0C0084E091 /* Sources */,
				322D4B292B6DBB0C0084E091 /* Frameworks */,
				322D4B2A2B6DBB0C0084E091 /* Resources */,
			);
			buildRules = (
			);
			dependencies = (
			);
			name = "one-step-ahead";
			packageProductDependencies = (
				322D4B5C2B6DC2740084E091 /* FirebaseAnalyticsWithoutAdIdSupport */,
				322D4B5E2B6DC2750084E091 /* FirebaseAuth */,
				322D4B602B6DC2750084E091 /* FirebaseFirestore */,
				322D4B622B6DC2750084E091 /* FirebaseFirestoreSwift */,
			);
			productName = "one-step-ahead";
			productReference = 322D4B2C2B6DBB0C0084E091 /* one-step-ahead.app */;
			productType = "com.apple.product-type.application";
		};
		322D4B3B2B6DBB100084E091 /* one-step-aheadTests */ = {
			isa = PBXNativeTarget;
			buildConfigurationList = 322D4B532B6DBB100084E091 /* Build configuration list for PBXNativeTarget "one-step-aheadTests" */;
			buildPhases = (
				322D4B382B6DBB100084E091 /* Sources */,
				322D4B392B6DBB100084E091 /* Frameworks */,
				322D4B3A2B6DBB100084E091 /* Resources */,
			);
			buildRules = (
			);
			dependencies = (
				322D4B3E2B6DBB100084E091 /* PBXTargetDependency */,
			);
			name = "one-step-aheadTests";
			productName = "one-step-aheadTests";
			productReference = 322D4B3C2B6DBB100084E091 /* one-step-aheadTests.xctest */;
			productType = "com.apple.product-type.bundle.unit-test";
		};
		322D4B452B6DBB100084E091 /* one-step-aheadUITests */ = {
			isa = PBXNativeTarget;
			buildConfigurationList = 322D4B562B6DBB100084E091 /* Build configuration list for PBXNativeTarget "one-step-aheadUITests" */;
			buildPhases = (
				322D4B422B6DBB100084E091 /* Sources */,
				322D4B432B6DBB100084E091 /* Frameworks */,
				322D4B442B6DBB100084E091 /* Resources */,
			);
			buildRules = (
			);
			dependencies = (
				322D4B482B6DBB100084E091 /* PBXTargetDependency */,
			);
			name = "one-step-aheadUITests";
			productName = "one-step-aheadUITests";
			productReference = 322D4B462B6DBB100084E091 /* one-step-aheadUITests.xctest */;
			productType = "com.apple.product-type.bundle.ui-testing";
		};
/* End PBXNativeTarget section */

/* Begin PBXProject section */
		322D4B242B6DBB0C0084E091 /* Project object */ = {
			isa = PBXProject;
			attributes = {
				BuildIndependentTargetsInParallel = 1;
				LastSwiftUpdateCheck = 1420;
				LastUpgradeCheck = 1520;
				TargetAttributes = {
					322D4B2B2B6DBB0C0084E091 = {
						CreatedOnToolsVersion = 14.2;
					};
					322D4B3B2B6DBB100084E091 = {
						CreatedOnToolsVersion = 14.2;
						TestTargetID = 322D4B2B2B6DBB0C0084E091;
					};
					322D4B452B6DBB100084E091 = {
						CreatedOnToolsVersion = 14.2;
						TestTargetID = 322D4B2B2B6DBB0C0084E091;
					};
				};
			};
			buildConfigurationList = 322D4B272B6DBB0C0084E091 /* Build configuration list for PBXProject "one-step-ahead" */;
			compatibilityVersion = "Xcode 14.0";
			developmentRegion = en;
			hasScannedForEncodings = 0;
			knownRegions = (
				en,
				Base,
			);
			mainGroup = 322D4B232B6DBB0C0084E091;
			packageReferences = (
				322D4B5B2B6DC2740084E091 /* XCRemoteSwiftPackageReference "firebase-ios-sdk" */,
			);
			productRefGroup = 322D4B2D2B6DBB0C0084E091 /* Products */;
			projectDirPath = "";
			projectRoot = "";
			targets = (
				322D4B2B2B6DBB0C0084E091 /* one-step-ahead */,
				322D4B3B2B6DBB100084E091 /* one-step-aheadTests */,
				322D4B452B6DBB100084E091 /* one-step-aheadUITests */,
			);
		};
/* End PBXProject section */

/* Begin PBXResourcesBuildPhase section */
		322D4B2A2B6DBB0C0084E091 /* Resources */ = {
			isa = PBXResourcesBuildPhase;
			buildActionMask = 2147483647;
			files = (
				322D4B372B6DBB0F0084E091 /* Preview Assets.xcassets in Resources */,
				328AA7442BA2BF9500C09CDA /* GoogleService-Info.plist in Resources */,
				1F79DC982B87DC0400A35831 /* Launch Screen.storyboard in Resources */,
				322D4B342B6DBB0F0084E091 /* Assets.xcassets in Resources */,
			);
			runOnlyForDeploymentPostprocessing = 0;
		};
		322D4B3A2B6DBB100084E091 /* Resources */ = {
			isa = PBXResourcesBuildPhase;
			buildActionMask = 2147483647;
			files = (
			);
			runOnlyForDeploymentPostprocessing = 0;
		};
		322D4B442B6DBB100084E091 /* Resources */ = {
			isa = PBXResourcesBuildPhase;
			buildActionMask = 2147483647;
			files = (
			);
			runOnlyForDeploymentPostprocessing = 0;
		};
/* End PBXResourcesBuildPhase section */

/* Begin PBXSourcesBuildPhase section */
		322D4B282B6DBB0C0084E091 /* Sources */ = {
			isa = PBXSourcesBuildPhase;
			buildActionMask = 2147483647;
			files = (
				322D4B742B73704D0084E091 /* SleepViewModel.swift in Sources */,
				322D4B652B6DC2DC0084E091 /* WaterViewModel.swift in Sources */,
				322D4B322B6DBB0C0084E091 /* WaterView.swift in Sources */,
				1FA8C8792B8DC7F100EB95D4 /* WeatherManager.swift in Sources */,
				322D4B6E2B736BA40084E091 /* SleepView.swift in Sources */,
				322D4B702B736BBB0084E091 /* ExerciseView.swift in Sources */,
				1F31411F2B757EE500F33741 /* HealthKitView.swift in Sources */,
				322D4B302B6DBB0C0084E091 /* one_step_aheadApp.swift in Sources */,
				328AA73E2B9D842500C09CDA /* WeeklyProgressView.swift in Sources */,
				1F5609432BA01ABA0016784A /* EditGoalsView.swift in Sources */,
				322D4B7D2B73714A0084E091 /* AuthHandler.swift in Sources */,
				1F30E55E2B8D515100367B66 /* WeatherView.swift in Sources */,
				322D4B7A2B7370F70084E091 /* ExerciseModel.swift in Sources */,
				1FA8C8772B8DC7BE00EB95D4 /* LocationManager.swift in Sources */,
				E28B16DB2B7AE318001BE1BF /* HealthKitViewModel.swift in Sources */,
				322D4B762B73706C0084E091 /* ExerciseViewModel.swift in Sources */,
				322D4B7F2B784EE80084E091 /* ContentView.swift in Sources */,
				E28B16E12B7B18CB001BE1BF /* DashboardView.swift in Sources */,
				1F77CB882B8454E000EE7FEC /* ExerciseRecc.swift in Sources */,
				322D4B6C2B736B8D0084E091 /* MainView.swift in Sources */,
				32A727BC2B835F480082CDA1 /* UserModel.swift in Sources */,
				E26253672B85C563000B8246 /* RecommendationViewModel.swift in Sources */,
				322D4B722B736BDC0084E091 /* LoginView.swift in Sources */,
				E28B16DD2B7B0529001BE1BF /* OnboardingView.swift in Sources */,
				322D4B672B6DC3050084E091 /* WaterModel.swift in Sources */,
				E26253652B85C545000B8246 /* SleepDurationModel.swift in Sources */,
			);
			runOnlyForDeploymentPostprocessing = 0;
		};
		322D4B382B6DBB100084E091 /* Sources */ = {
			isa = PBXSourcesBuildPhase;
			buildActionMask = 2147483647;
			files = (
				322D4B412B6DBB100084E091 /* one_step_aheadTests.swift in Sources */,
			);
			runOnlyForDeploymentPostprocessing = 0;
		};
		322D4B422B6DBB100084E091 /* Sources */ = {
			isa = PBXSourcesBuildPhase;
			buildActionMask = 2147483647;
			files = (
				322D4B4B2B6DBB100084E091 /* one_step_aheadUITests.swift in Sources */,
				322D4B4D2B6DBB100084E091 /* one_step_aheadUITestsLaunchTests.swift in Sources */,
			);
			runOnlyForDeploymentPostprocessing = 0;
		};
/* End PBXSourcesBuildPhase section */

/* Begin PBXTargetDependency section */
		322D4B3E2B6DBB100084E091 /* PBXTargetDependency */ = {
			isa = PBXTargetDependency;
			target = 322D4B2B2B6DBB0C0084E091 /* one-step-ahead */;
			targetProxy = 322D4B3D2B6DBB100084E091 /* PBXContainerItemProxy */;
		};
		322D4B482B6DBB100084E091 /* PBXTargetDependency */ = {
			isa = PBXTargetDependency;
			target = 322D4B2B2B6DBB0C0084E091 /* one-step-ahead */;
			targetProxy = 322D4B472B6DBB100084E091 /* PBXContainerItemProxy */;
		};
/* End PBXTargetDependency section */

/* Begin XCBuildConfiguration section */
		322D4B4E2B6DBB100084E091 /* Debug */ = {
			isa = XCBuildConfiguration;
			buildSettings = {
				ALWAYS_SEARCH_USER_PATHS = NO;
				CLANG_ANALYZER_NONNULL = YES;
				CLANG_ANALYZER_NUMBER_OBJECT_CONVERSION = YES_AGGRESSIVE;
				CLANG_CXX_LANGUAGE_STANDARD = "gnu++20";
				CLANG_ENABLE_MODULES = YES;
				CLANG_ENABLE_OBJC_ARC = YES;
				CLANG_ENABLE_OBJC_WEAK = YES;
				CLANG_WARN_BLOCK_CAPTURE_AUTORELEASING = YES;
				CLANG_WARN_BOOL_CONVERSION = YES;
				CLANG_WARN_COMMA = YES;
				CLANG_WARN_CONSTANT_CONVERSION = YES;
				CLANG_WARN_DEPRECATED_OBJC_IMPLEMENTATIONS = YES;
				CLANG_WARN_DIRECT_OBJC_ISA_USAGE = YES_ERROR;
				CLANG_WARN_DOCUMENTATION_COMMENTS = YES;
				CLANG_WARN_EMPTY_BODY = YES;
				CLANG_WARN_ENUM_CONVERSION = YES;
				CLANG_WARN_INFINITE_RECURSION = YES;
				CLANG_WARN_INT_CONVERSION = YES;
				CLANG_WARN_NON_LITERAL_NULL_CONVERSION = YES;
				CLANG_WARN_OBJC_IMPLICIT_RETAIN_SELF = YES;
				CLANG_WARN_OBJC_LITERAL_CONVERSION = YES;
				CLANG_WARN_OBJC_ROOT_CLASS = YES_ERROR;
				CLANG_WARN_QUOTED_INCLUDE_IN_FRAMEWORK_HEADER = YES;
				CLANG_WARN_RANGE_LOOP_ANALYSIS = YES;
				CLANG_WARN_STRICT_PROTOTYPES = YES;
				CLANG_WARN_SUSPICIOUS_MOVE = YES;
				CLANG_WARN_UNGUARDED_AVAILABILITY = YES_AGGRESSIVE;
				CLANG_WARN_UNREACHABLE_CODE = YES;
				CLANG_WARN__DUPLICATE_METHOD_MATCH = YES;
				COPY_PHASE_STRIP = NO;
				DEBUG_INFORMATION_FORMAT = dwarf;
				ENABLE_STRICT_OBJC_MSGSEND = YES;
				ENABLE_TESTABILITY = YES;
				ENABLE_USER_SCRIPT_SANDBOXING = YES;
				GCC_C_LANGUAGE_STANDARD = gnu11;
				GCC_DYNAMIC_NO_PIC = NO;
				GCC_NO_COMMON_BLOCKS = YES;
				GCC_OPTIMIZATION_LEVEL = 0;
				GCC_PREPROCESSOR_DEFINITIONS = (
					"DEBUG=1",
					"$(inherited)",
				);
				GCC_WARN_64_TO_32_BIT_CONVERSION = YES;
				GCC_WARN_ABOUT_RETURN_TYPE = YES_ERROR;
				GCC_WARN_UNDECLARED_SELECTOR = YES;
				GCC_WARN_UNINITIALIZED_AUTOS = YES_AGGRESSIVE;
				GCC_WARN_UNUSED_FUNCTION = YES;
				GCC_WARN_UNUSED_VARIABLE = YES;
				IPHONEOS_DEPLOYMENT_TARGET = 16.2;
				MTL_ENABLE_DEBUG_INFO = INCLUDE_SOURCE;
				MTL_FAST_MATH = YES;
				ONLY_ACTIVE_ARCH = YES;
				SDKROOT = iphoneos;
				SWIFT_ACTIVE_COMPILATION_CONDITIONS = DEBUG;
				SWIFT_OPTIMIZATION_LEVEL = "-Onone";
			};
			name = Debug;
		};
		322D4B4F2B6DBB100084E091 /* Release */ = {
			isa = XCBuildConfiguration;
			buildSettings = {
				ALWAYS_SEARCH_USER_PATHS = NO;
				CLANG_ANALYZER_NONNULL = YES;
				CLANG_ANALYZER_NUMBER_OBJECT_CONVERSION = YES_AGGRESSIVE;
				CLANG_CXX_LANGUAGE_STANDARD = "gnu++20";
				CLANG_ENABLE_MODULES = YES;
				CLANG_ENABLE_OBJC_ARC = YES;
				CLANG_ENABLE_OBJC_WEAK = YES;
				CLANG_WARN_BLOCK_CAPTURE_AUTORELEASING = YES;
				CLANG_WARN_BOOL_CONVERSION = YES;
				CLANG_WARN_COMMA = YES;
				CLANG_WARN_CONSTANT_CONVERSION = YES;
				CLANG_WARN_DEPRECATED_OBJC_IMPLEMENTATIONS = YES;
				CLANG_WARN_DIRECT_OBJC_ISA_USAGE = YES_ERROR;
				CLANG_WARN_DOCUMENTATION_COMMENTS = YES;
				CLANG_WARN_EMPTY_BODY = YES;
				CLANG_WARN_ENUM_CONVERSION = YES;
				CLANG_WARN_INFINITE_RECURSION = YES;
				CLANG_WARN_INT_CONVERSION = YES;
				CLANG_WARN_NON_LITERAL_NULL_CONVERSION = YES;
				CLANG_WARN_OBJC_IMPLICIT_RETAIN_SELF = YES;
				CLANG_WARN_OBJC_LITERAL_CONVERSION = YES;
				CLANG_WARN_OBJC_ROOT_CLASS = YES_ERROR;
				CLANG_WARN_QUOTED_INCLUDE_IN_FRAMEWORK_HEADER = YES;
				CLANG_WARN_RANGE_LOOP_ANALYSIS = YES;
				CLANG_WARN_STRICT_PROTOTYPES = YES;
				CLANG_WARN_SUSPICIOUS_MOVE = YES;
				CLANG_WARN_UNGUARDED_AVAILABILITY = YES_AGGRESSIVE;
				CLANG_WARN_UNREACHABLE_CODE = YES;
				CLANG_WARN__DUPLICATE_METHOD_MATCH = YES;
				COPY_PHASE_STRIP = NO;
				DEBUG_INFORMATION_FORMAT = "dwarf-with-dsym";
				ENABLE_NS_ASSERTIONS = NO;
				ENABLE_STRICT_OBJC_MSGSEND = YES;
				ENABLE_USER_SCRIPT_SANDBOXING = YES;
				GCC_C_LANGUAGE_STANDARD = gnu11;
				GCC_NO_COMMON_BLOCKS = YES;
				GCC_WARN_64_TO_32_BIT_CONVERSION = YES;
				GCC_WARN_ABOUT_RETURN_TYPE = YES_ERROR;
				GCC_WARN_UNDECLARED_SELECTOR = YES;
				GCC_WARN_UNINITIALIZED_AUTOS = YES_AGGRESSIVE;
				GCC_WARN_UNUSED_FUNCTION = YES;
				GCC_WARN_UNUSED_VARIABLE = YES;
				IPHONEOS_DEPLOYMENT_TARGET = 16.2;
				MTL_ENABLE_DEBUG_INFO = NO;
				MTL_FAST_MATH = YES;
				SDKROOT = iphoneos;
				SWIFT_COMPILATION_MODE = wholemodule;
				SWIFT_OPTIMIZATION_LEVEL = "-O";
				VALIDATE_PRODUCT = YES;
			};
			name = Release;
		};
		322D4B512B6DBB100084E091 /* Debug */ = {
			isa = XCBuildConfiguration;
			buildSettings = {
				ASSETCATALOG_COMPILER_APPICON_NAME = AppIcon;
				ASSETCATALOG_COMPILER_GLOBAL_ACCENT_COLOR_NAME = AccentColor;
				CODE_SIGN_ENTITLEMENTS = "one-step-ahead/one-step-ahead.entitlements";
				CODE_SIGN_STYLE = Automatic;
				CURRENT_PROJECT_VERSION = 1;
				DEVELOPMENT_ASSET_PATHS = "\"one-step-ahead/Preview Content\"";
				DEVELOPMENT_TEAM = 85SWV8B9FQ;
				ENABLE_PREVIEWS = YES;
				GENERATE_INFOPLIST_FILE = YES;
				INFOPLIST_KEY_NSHealthShareUsageDescription = "This app requires access to your health data to track sleep, weight, steps, and other health-related activities.";
				INFOPLIST_KEY_NSHealthUpdateUsageDescription = "";
				INFOPLIST_KEY_UIApplicationSceneManifest_Generation = YES;
				INFOPLIST_KEY_UIApplicationSupportsIndirectInputEvents = YES;
				INFOPLIST_KEY_UILaunchScreen_Generation = YES;
				INFOPLIST_KEY_UILaunchStoryboardName = "Launch Screen.storyboard";
				INFOPLIST_KEY_UISupportedInterfaceOrientations_iPad = "UIInterfaceOrientationPortrait UIInterfaceOrientationPortraitUpsideDown UIInterfaceOrientationLandscapeLeft UIInterfaceOrientationLandscapeRight";
				INFOPLIST_KEY_UISupportedInterfaceOrientations_iPhone = "UIInterfaceOrientationPortrait UIInterfaceOrientationLandscapeLeft UIInterfaceOrientationLandscapeRight";
				IPHONEOS_DEPLOYMENT_TARGET = 16.0;
				LD_RUNPATH_SEARCH_PATHS = (
					"$(inherited)",
					"@executable_path/Frameworks",
				);
				MARKETING_VERSION = 1.0;
				PRODUCT_BUNDLE_IDENTIFIER = "one-step-ahead.mic";
				PRODUCT_NAME = "$(TARGET_NAME)";
				SWIFT_EMIT_LOC_STRINGS = YES;
				SWIFT_VERSION = 5.0;
				TARGETED_DEVICE_FAMILY = "1,2";
			};
			name = Debug;
		};
		322D4B522B6DBB100084E091 /* Release */ = {
			isa = XCBuildConfiguration;
			buildSettings = {
				ASSETCATALOG_COMPILER_APPICON_NAME = AppIcon;
				ASSETCATALOG_COMPILER_GLOBAL_ACCENT_COLOR_NAME = AccentColor;
				CODE_SIGN_ENTITLEMENTS = "one-step-ahead/one-step-ahead.entitlements";
				CODE_SIGN_STYLE = Automatic;
				CURRENT_PROJECT_VERSION = 1;
				DEVELOPMENT_ASSET_PATHS = "\"one-step-ahead/Preview Content\"";
				DEVELOPMENT_TEAM = 85SWV8B9FQ;
				ENABLE_PREVIEWS = YES;
				GENERATE_INFOPLIST_FILE = YES;
				INFOPLIST_KEY_NSHealthShareUsageDescription = "This app requires access to your health data to track sleep, weight, steps, and other health-related activities.";
				INFOPLIST_KEY_NSHealthUpdateUsageDescription = "";
				INFOPLIST_KEY_UIApplicationSceneManifest_Generation = YES;
				INFOPLIST_KEY_UIApplicationSupportsIndirectInputEvents = YES;
				INFOPLIST_KEY_UILaunchScreen_Generation = YES;
				INFOPLIST_KEY_UILaunchStoryboardName = "Launch Screen.storyboard";
				INFOPLIST_KEY_UISupportedInterfaceOrientations_iPad = "UIInterfaceOrientationPortrait UIInterfaceOrientationPortraitUpsideDown UIInterfaceOrientationLandscapeLeft UIInterfaceOrientationLandscapeRight";
				INFOPLIST_KEY_UISupportedInterfaceOrientations_iPhone = "UIInterfaceOrientationPortrait UIInterfaceOrientationLandscapeLeft UIInterfaceOrientationLandscapeRight";
				IPHONEOS_DEPLOYMENT_TARGET = 16.0;
				LD_RUNPATH_SEARCH_PATHS = (
					"$(inherited)",
					"@executable_path/Frameworks",
				);
				MARKETING_VERSION = 1.0;
				PRODUCT_BUNDLE_IDENTIFIER = "one-step-ahead.mic";
				PRODUCT_NAME = "$(TARGET_NAME)";
				SWIFT_EMIT_LOC_STRINGS = YES;
				SWIFT_VERSION = 5.0;
				TARGETED_DEVICE_FAMILY = "1,2";
			};
			name = Release;
		};
		322D4B542B6DBB100084E091 /* Debug */ = {
			isa = XCBuildConfiguration;
			buildSettings = {
				ALWAYS_EMBED_SWIFT_STANDARD_LIBRARIES = YES;
				BUNDLE_LOADER = "$(TEST_HOST)";
				CODE_SIGN_STYLE = Automatic;
				CURRENT_PROJECT_VERSION = 1;
				GENERATE_INFOPLIST_FILE = YES;
				IPHONEOS_DEPLOYMENT_TARGET = 16.2;
				MARKETING_VERSION = 1.0;
				PRODUCT_BUNDLE_IDENTIFIER = "mimi.one-step-aheadTests";
				PRODUCT_NAME = "$(TARGET_NAME)";
				SWIFT_EMIT_LOC_STRINGS = NO;
				SWIFT_VERSION = 5.0;
				TARGETED_DEVICE_FAMILY = "1,2";
				TEST_HOST = "$(BUILT_PRODUCTS_DIR)/one-step-ahead.app/$(BUNDLE_EXECUTABLE_FOLDER_PATH)/one-step-ahead";
			};
			name = Debug;
		};
		322D4B552B6DBB100084E091 /* Release */ = {
			isa = XCBuildConfiguration;
			buildSettings = {
				ALWAYS_EMBED_SWIFT_STANDARD_LIBRARIES = YES;
				BUNDLE_LOADER = "$(TEST_HOST)";
				CODE_SIGN_STYLE = Automatic;
				CURRENT_PROJECT_VERSION = 1;
				GENERATE_INFOPLIST_FILE = YES;
				IPHONEOS_DEPLOYMENT_TARGET = 16.2;
				MARKETING_VERSION = 1.0;
				PRODUCT_BUNDLE_IDENTIFIER = "mimi.one-step-aheadTests";
				PRODUCT_NAME = "$(TARGET_NAME)";
				SWIFT_EMIT_LOC_STRINGS = NO;
				SWIFT_VERSION = 5.0;
				TARGETED_DEVICE_FAMILY = "1,2";
				TEST_HOST = "$(BUILT_PRODUCTS_DIR)/one-step-ahead.app/$(BUNDLE_EXECUTABLE_FOLDER_PATH)/one-step-ahead";
			};
			name = Release;
		};
		322D4B572B6DBB100084E091 /* Debug */ = {
			isa = XCBuildConfiguration;
			buildSettings = {
				ALWAYS_EMBED_SWIFT_STANDARD_LIBRARIES = YES;
				CODE_SIGN_STYLE = Automatic;
				CURRENT_PROJECT_VERSION = 1;
				GENERATE_INFOPLIST_FILE = YES;
				MARKETING_VERSION = 1.0;
				PRODUCT_BUNDLE_IDENTIFIER = "mimi.one-step-aheadUITests";
				PRODUCT_NAME = "$(TARGET_NAME)";
				SWIFT_EMIT_LOC_STRINGS = NO;
				SWIFT_VERSION = 5.0;
				TARGETED_DEVICE_FAMILY = "1,2";
				TEST_TARGET_NAME = "one-step-ahead";
			};
			name = Debug;
		};
		322D4B582B6DBB100084E091 /* Release */ = {
			isa = XCBuildConfiguration;
			buildSettings = {
				ALWAYS_EMBED_SWIFT_STANDARD_LIBRARIES = YES;
				CODE_SIGN_STYLE = Automatic;
				CURRENT_PROJECT_VERSION = 1;
				GENERATE_INFOPLIST_FILE = YES;
				MARKETING_VERSION = 1.0;
				PRODUCT_BUNDLE_IDENTIFIER = "mimi.one-step-aheadUITests";
				PRODUCT_NAME = "$(TARGET_NAME)";
				SWIFT_EMIT_LOC_STRINGS = NO;
				SWIFT_VERSION = 5.0;
				TARGETED_DEVICE_FAMILY = "1,2";
				TEST_TARGET_NAME = "one-step-ahead";
			};
			name = Release;
		};
/* End XCBuildConfiguration section */

/* Begin XCConfigurationList section */
		322D4B272B6DBB0C0084E091 /* Build configuration list for PBXProject "one-step-ahead" */ = {
			isa = XCConfigurationList;
			buildConfigurations = (
				322D4B4E2B6DBB100084E091 /* Debug */,
				322D4B4F2B6DBB100084E091 /* Release */,
			);
			defaultConfigurationIsVisible = 0;
			defaultConfigurationName = Release;
		};
		322D4B502B6DBB100084E091 /* Build configuration list for PBXNativeTarget "one-step-ahead" */ = {
			isa = XCConfigurationList;
			buildConfigurations = (
				322D4B512B6DBB100084E091 /* Debug */,
				322D4B522B6DBB100084E091 /* Release */,
			);
			defaultConfigurationIsVisible = 0;
			defaultConfigurationName = Release;
		};
		322D4B532B6DBB100084E091 /* Build configuration list for PBXNativeTarget "one-step-aheadTests" */ = {
			isa = XCConfigurationList;
			buildConfigurations = (
				322D4B542B6DBB100084E091 /* Debug */,
				322D4B552B6DBB100084E091 /* Release */,
			);
			defaultConfigurationIsVisible = 0;
			defaultConfigurationName = Release;
		};
		322D4B562B6DBB100084E091 /* Build configuration list for PBXNativeTarget "one-step-aheadUITests" */ = {
			isa = XCConfigurationList;
			buildConfigurations = (
				322D4B572B6DBB100084E091 /* Debug */,
				322D4B582B6DBB100084E091 /* Release */,
			);
			defaultConfigurationIsVisible = 0;
			defaultConfigurationName = Release;
		};
/* End XCConfigurationList section */

/* Begin XCRemoteSwiftPackageReference section */
		322D4B5B2B6DC2740084E091 /* XCRemoteSwiftPackageReference "firebase-ios-sdk" */ = {
			isa = XCRemoteSwiftPackageReference;
			repositoryURL = "https://github.com/firebase/firebase-ios-sdk";
			requirement = {
				kind = upToNextMajorVersion;
				minimumVersion = 10.0.0;
			};
		};
/* End XCRemoteSwiftPackageReference section */

/* Begin XCSwiftPackageProductDependency section */
		322D4B5C2B6DC2740084E091 /* FirebaseAnalyticsWithoutAdIdSupport */ = {
			isa = XCSwiftPackageProductDependency;
			package = 322D4B5B2B6DC2740084E091 /* XCRemoteSwiftPackageReference "firebase-ios-sdk" */;
			productName = FirebaseAnalyticsWithoutAdIdSupport;
		};
		322D4B5E2B6DC2750084E091 /* FirebaseAuth */ = {
			isa = XCSwiftPackageProductDependency;
			package = 322D4B5B2B6DC2740084E091 /* XCRemoteSwiftPackageReference "firebase-ios-sdk" */;
			productName = FirebaseAuth;
		};
		322D4B602B6DC2750084E091 /* FirebaseFirestore */ = {
			isa = XCSwiftPackageProductDependency;
			package = 322D4B5B2B6DC2740084E091 /* XCRemoteSwiftPackageReference "firebase-ios-sdk" */;
			productName = FirebaseFirestore;
		};
		322D4B622B6DC2750084E091 /* FirebaseFirestoreSwift */ = {
			isa = XCSwiftPackageProductDependency;
			package = 322D4B5B2B6DC2740084E091 /* XCRemoteSwiftPackageReference "firebase-ios-sdk" */;
			productName = FirebaseFirestoreSwift;
		};
/* End XCSwiftPackageProductDependency section */
	};
	rootObject = 322D4B242B6DBB0C0084E091 /* Project object */;
}
